
Microsoft Visual Studio Solution File, Format Version 12.00
# Visual Studio Version 16
VisualStudioVersion = 16.0.30611.23
MinimumVisualStudioVersion = 10.0.40219.1
Project("{FAE04EC0-301F-11D3-BF4B-00C04F79EFBC}") = "FixParamAlgNetControl", "FixParamAlgNetControl\FixParamAlgNetControl.csproj", "{29E91962-FBB5-4E0A-B3DE-E10EBBF41771}"
EndProject
Global
	GlobalSection(SolutionConfigurationPlatforms) = preSolution
		Debug|Any CPU = Debug|Any CPU
		Release|Any CPU = Release|Any CPU
	EndGlobalSection
	GlobalSection(ProjectConfigurationPlatforms) = postSolution
		{29E91962-FBB5-4E0A-B3DE-E10EBBF41771}.Debug|Any CPU.ActiveCfg = Debug|Any CPU
		{29E91962-FBB5-4E0A-B3DE-E10EBBF41771}.Debug|Any CPU.Build.0 = Debug|Any CPU
		{29E91962-FBB5-4E0A-B3DE-E10EBBF41771}.Release|Any CPU.ActiveCfg = Release|Any CPU
		{29E91962-FBB5-4E0A-B3DE-E10EBBF41771}.Release|Any CPU.Build.0 = Release|Any CPU
	EndGlobalSection
	GlobalSection(SolutionProperties) = preSolution
		HideSolutionNode = FALSE
	EndGlobalSection
	GlobalSection(ExtensibilityGlobals) = postSolution
		SolutionGuid = {60019D58-4A82-4423-A592-D4EA88E0B61A}
	EndGlobalSection
EndGlobal
